
Microsoft Visual Studio Solution File, Format Version 12.00
# Visual Studio Version 16
VisualStudioVersion = 16.0.32126.315
MinimumVisualStudioVersion = 10.0.40219.1
Project("{FAE04EC0-301F-11D3-BF4B-00C04F79EFBC}") = "Ecodation_Tugla_Kirma_Oyunu", "Ecodation_Tugla_Kirma_Oyunu\Ecodation_Tugla_Kirma_Oyunu.csproj", "{D65D3DB6-194B-46B3-BE46-A2A371873993}"
EndProject
Global
	GlobalSection(SolutionConfigurationPlatforms) = preSolution
		Debug|Any CPU = Debug|Any CPU
		Release|Any CPU = Release|Any CPU
	EndGlobalSection
	GlobalSection(ProjectConfigurationPlatforms) = postSolution
		{D65D3DB6-194B-46B3-BE46-A2A371873993}.Debug|Any CPU.ActiveCfg = Debug|Any CPU
		{D65D3DB6-194B-46B3-BE46-A2A371873993}.Debug|Any CPU.Build.0 = Debug|Any CPU
		{D65D3DB6-194B-46B3-BE46-A2A371873993}.Release|Any CPU.ActiveCfg = Release|Any CPU
		{D65D3DB6-194B-46B3-BE46-A2A371873993}.Release|Any CPU.Build.0 = Release|Any CPU
	EndGlobalSection
	GlobalSection(SolutionProperties) = preSolution
		HideSolutionNode = FALSE
	EndGlobalSection
	GlobalSection(ExtensibilityGlobals) = postSolution
		SolutionGuid = {80ADDC84-FA7E-490B-973A-1C2E1409A64E}
	EndGlobalSection
EndGlobal
